
Microsoft Visual Studio Solution File, Format Version 12.00
# Visual Studio 15
VisualStudioVersion = 15.0.28010.2046
MinimumVisualStudioVersion = 10.0.40219.1
Project("{FAE04EC0-301F-11D3-BF4B-00C04F79EFBC}") = "Day_7_Arrays", "Day_7_Arrays\Day_7_Arrays.csproj", "{93EA0852-51B6-4DC7-8CAB-5F8EBCD93F51}"
EndProject
Project("{FAE04EC0-301F-11D3-BF4B-00C04F79EFBC}") = "Day_5_Loops", "Day_5_Loops\Day_5_Loops.csproj", "{CF51684B-126E-4C68-9D14-D47DEA05278F}"
EndProject
Global
	GlobalSection(SolutionConfigurationPlatforms) = preSolution
		Debug|Any CPU = Debug|Any CPU
		Release|Any CPU = Release|Any CPU
	EndGlobalSection
	GlobalSection(ProjectConfigurationPlatforms) = postSolution
		{93EA0852-51B6-4DC7-8CAB-5F8EBCD93F51}.Debug|Any CPU.ActiveCfg = Debug|Any CPU
		{93EA0852-51B6-4DC7-8CAB-5F8EBCD93F51}.Debug|Any CPU.Build.0 = Debug|Any CPU
		{93EA0852-51B6-4DC7-8CAB-5F8EBCD93F51}.Release|Any CPU.ActiveCfg = Release|Any CPU
		{93EA0852-51B6-4DC7-8CAB-5F8EBCD93F51}.Release|Any CPU.Build.0 = Release|Any CPU
		{CF51684B-126E-4C68-9D14-D47DEA05278F}.Debug|Any CPU.ActiveCfg = Debug|Any CPU
		{CF51684B-126E-4C68-9D14-D47DEA05278F}.Debug|Any CPU.Build.0 = Debug|Any CPU
		{CF51684B-126E-4C68-9D14-D47DEA05278F}.Release|Any CPU.ActiveCfg = Release|Any CPU
		{CF51684B-126E-4C68-9D14-D47DEA05278F}.Release|Any CPU.Build.0 = Release|Any CPU
	EndGlobalSection
	GlobalSection(SolutionProperties) = preSolution
		HideSolutionNode = FALSE
	EndGlobalSection
	GlobalSection(ExtensibilityGlobals) = postSolution
		SolutionGuid = {8B8C3F6C-953B-437E-AA1C-F7A1048C7256}
	EndGlobalSection
EndGlobal
